
Microsoft Visual Studio Solution File, Format Version 12.00
# Visual Studio Version 17
VisualStudioVersion = 17.5.33516.290
MinimumVisualStudioVersion = 10.0.40219.1
Project("{FAE04EC0-301F-11D3-BF4B-00C04F79EFBC}") = "Desktop UI", "Desktop UI.csproj", "{DD01D29E-1CA6-4251-93B0-8FC01C540E41}"
EndProject
Global
	GlobalSection(SolutionConfigurationPlatforms) = preSolution
		Debug|Any CPU = Debug|Any CPU
		Release|Any CPU = Release|Any CPU
	EndGlobalSection
	GlobalSection(ProjectConfigurationPlatforms) = postSolution
		{DD01D29E-1CA6-4251-93B0-8FC01C540E41}.Debug|Any CPU.ActiveCfg = Debug|Any CPU
		{DD01D29E-1CA6-4251-93B0-8FC01C540E41}.Debug|Any CPU.Build.0 = Debug|Any CPU
		{DD01D29E-1CA6-4251-93B0-8FC01C540E41}.Release|Any CPU.ActiveCfg = Release|Any CPU
		{DD01D29E-1CA6-4251-93B0-8FC01C540E41}.Release|Any CPU.Build.0 = Release|Any CPU
	EndGlobalSection
	GlobalSection(SolutionProperties) = preSolution
		HideSolutionNode = FALSE
	EndGlobalSection
	GlobalSection(ExtensibilityGlobals) = postSolution
		SolutionGuid = {39D8D018-F756-41E8-9973-96D81163B4AC}
	EndGlobalSection
EndGlobal
